
Microsoft Visual Studio Solution File, Format Version 12.00
# Visual Studio 15
VisualStudioVersion = 15.0.27703.2000
MinimumVisualStudioVersion = 10.0.40219.1
Project("{FAE04EC0-301F-11D3-BF4B-00C04F79EFBC}") = "Calculator.Server", "Calculator.Server\Calculator.Server.csproj", "{B3EC00AE-5FC5-426B-94FC-8FCF33B907B3}"
EndProject
Project("{FAE04EC0-301F-11D3-BF4B-00C04F79EFBC}") = "CalculatorService.Client", "CalculatorService.Client\CalculatorService.Client.csproj", "{1D666491-4687-4BF9-9C04-5C4AE141D18A}"
EndProject
Project("{FAE04EC0-301F-11D3-BF4B-00C04F79EFBC}") = "CalculatorService.Models", "CalculatorService.Models\CalculatorService.Models.csproj", "{11E8C00F-0C7A-4FC9-8198-BFB9A1EF1EDC}"
EndProject
Global
	GlobalSection(SolutionConfigurationPlatforms) = preSolution
		Debug|Any CPU = Debug|Any CPU
		Release|Any CPU = Release|Any CPU
	EndGlobalSection
	GlobalSection(ProjectConfigurationPlatforms) = postSolution
		{B3EC00AE-5FC5-426B-94FC-8FCF33B907B3}.Debug|Any CPU.ActiveCfg = Debug|Any CPU
		{B3EC00AE-5FC5-426B-94FC-8FCF33B907B3}.Debug|Any CPU.Build.0 = Debug|Any CPU
		{B3EC00AE-5FC5-426B-94FC-8FCF33B907B3}.Release|Any CPU.ActiveCfg = Release|Any CPU
		{B3EC00AE-5FC5-426B-94FC-8FCF33B907B3}.Release|Any CPU.Build.0 = Release|Any CPU
		{1D666491-4687-4BF9-9C04-5C4AE141D18A}.Debug|Any CPU.ActiveCfg = Debug|Any CPU
		{1D666491-4687-4BF9-9C04-5C4AE141D18A}.Debug|Any CPU.Build.0 = Debug|Any CPU
		{1D666491-4687-4BF9-9C04-5C4AE141D18A}.Release|Any CPU.ActiveCfg = Release|Any CPU
		{1D666491-4687-4BF9-9C04-5C4AE141D18A}.Release|Any CPU.Build.0 = Release|Any CPU
		{11E8C00F-0C7A-4FC9-8198-BFB9A1EF1EDC}.Debug|Any CPU.ActiveCfg = Debug|Any CPU
		{11E8C00F-0C7A-4FC9-8198-BFB9A1EF1EDC}.Debug|Any CPU.Build.0 = Debug|Any CPU
		{11E8C00F-0C7A-4FC9-8198-BFB9A1EF1EDC}.Release|Any CPU.ActiveCfg = Release|Any CPU
		{11E8C00F-0C7A-4FC9-8198-BFB9A1EF1EDC}.Release|Any CPU.Build.0 = Release|Any CPU
	EndGlobalSection
	GlobalSection(SolutionProperties) = preSolution
		HideSolutionNode = FALSE
	EndGlobalSection
	GlobalSection(ExtensibilityGlobals) = postSolution
		SolutionGuid = {C1903526-89DE-422E-B0F1-87018ED87A08}
	EndGlobalSection
EndGlobal
